# This file is automatically @generated by Cargo.
# It is not intended for manual editing.
version = 4

[[package]]
name = "anyhow"
version = "1.0.75"
source = "registry+https://github.com/rust-lang/crates.io-index"
checksum = "a4668cab20f66d8d020e1fbc0ebe47217433c1b6c8f2040faf858554e394ace6"

[[package]]
name = "bit-vec"
version = "0.8.0"
source = "registry+https://github.com/rust-lang/crates.io-index"
checksum = "5e764a1d40d510daf35e07be9eb06e75770908c27d411ee6c92109c9840eaaf7"

[[package]]
name = "day1"
version = "0.1.0"
dependencies = [
 "anyhow",
 "itertools",
 "nom",
 "took",
]

[[package]]
name = "day10"
version = "0.1.0"
dependencies = [
 "anyhow",
 "itertools",
 "nom",
 "took",
]

[[package]]
name = "day11"
version = "0.1.0"
dependencies = [
 "anyhow",
 "nom",
 "took",
]

[[package]]
name = "day12"
version = "0.1.0"
dependencies = [
 "anyhow",
 "nom",
 "took",
]

[[package]]
name = "day13"
version = "0.1.0"
dependencies = [
 "anyhow",
 "nom",
 "took",
]

[[package]]
name = "day14"
version = "0.1.0"
dependencies = [
 "anyhow",
 "nom",
 "took",
]

[[package]]
name = "day15"
version = "0.1.0"
dependencies = [
 "anyhow",
 "nom",
 "took",
]

[[package]]
name = "day2"
version = "0.1.0"
dependencies = [
 "anyhow",
 "nom",
 "took",
]

[[package]]
name = "day3"
version = "0.1.0"
dependencies = [
 "anyhow",
 "nom",
 "took",
]

[[package]]
name = "day4"
version = "0.1.0"
dependencies = [
 "anyhow",
 "nom",
 "took",
]

[[package]]
name = "day5"
version = "0.1.0"
dependencies = [
 "anyhow",
 "bit-vec",
 "nom",
 "took",
]

[[package]]
name = "day6"
version = "0.1.0"
dependencies = [
 "anyhow",
 "itertools",
 "nom",
 "took",
]

[[package]]
name = "day7"
version = "0.1.0"
dependencies = [
 "anyhow",
 "itertools",
 "nom",
 "took",
]

[[package]]
name = "day8"
version = "0.1.0"
dependencies = [
 "anyhow",
 "bit-vec",
 "nom",
 "took",
]

[[package]]
name = "day9"
version = "0.1.0"
dependencies = [
 "anyhow",
 "itertools",
 "nom",
 "took",
]

[[package]]
name = "either"
version = "1.9.0"
source = "registry+https://github.com/rust-lang/crates.io-index"
checksum = "a26ae43d7bcc3b814de94796a5e736d4029efb0ee900c12e2d54c993ad1a1e07"

[[package]]
name = "itertools"
version = "0.14.0"
source = "registry+https://github.com/rust-lang/crates.io-index"
checksum = "2b192c782037fadd9cfa75548310488aabdbf3d2da73885b31bd0abd03351285"
dependencies = [
 "either",
]

[[package]]
name = "memchr"
version = "2.6.4"
source = "registry+https://github.com/rust-lang/crates.io-index"
checksum = "f665ee40bc4a3c5590afb1e9677db74a508659dfd71e126420da8274909a0167"

[[package]]
name = "nom"
version = "8.0.0"
source = "registry+https://github.com/rust-lang/crates.io-index"
checksum = "df9761775871bdef83bee530e60050f7e54b1105350d6884eb0fb4f46c2f9405"
dependencies = [
 "memchr",
]

[[package]]
name = "took"
version = "0.1.2"
source = "registry+https://github.com/rust-lang/crates.io-index"
checksum = "af1ea65cb083be6f0b13ba9a26eec5eb563e55198e318cbb0f525d593fbd349e"
